// !$*UTF8*$!
{
	archiveVersion = 1;
	classes = {
	};
	objectVersion = 55;
	objects = {

/* Begin PBXBuildFile section */
		B44F5DA528E8C8010067E88F /* Realm in Frameworks */ = {isa = PBXBuildFile; productRef = B44F5DA428E8C8010067E88F /* Realm */; };
		B44F5DA728E8C8010067E88F /* RealmSwift in Frameworks */ = {isa = PBXBuildFile; productRef = B44F5DA628E8C8010067E88F /* RealmSwift */; };
		B44F5DA928E8CB8A0067E88F /* Score.swift in Sources */ = {isa = PBXBuildFile; fileRef = B44F5DA828E8CB8A0067E88F /* Score.swift */; };
		B4C3895B28E4DDB9002BEFA2 /* AppDelegate.swift in Sources */ = {isa = PBXBuildFile; fileRef = B4C3895A28E4DDB9002BEFA2 /* AppDelegate.swift */; };
		B4C3895D28E4DDB9002BEFA2 /* SceneDelegate.swift in Sources */ = {isa = PBXBuildFile; fileRef = B4C3895C28E4DDB9002BEFA2 /* SceneDelegate.swift */; };
		B4C3896228E4DDB9002BEFA2 /* Main.storyboard in Resources */ = {isa = PBXBuildFile; fileRef = B4C3896028E4DDB9002BEFA2 /* Main.storyboard */; };
		B4C3896428E4DDBE002BEFA2 /* Assets.xcassets in Resources */ = {isa = PBXBuildFile; fileRef = B4C3896328E4DDBE002BEFA2 /* Assets.xcassets */; };
		B4C3896728E4DDBE002BEFA2 /* LaunchScreen.storyboard in Resources */ = {isa = PBXBuildFile; fileRef = B4C3896528E4DDBE002BEFA2 /* LaunchScreen.storyboard */; };
		B4C3896F28E4DEA5002BEFA2 /* FirstMainVC.swift in Sources */ = {isa = PBXBuildFile; fileRef = B4C3896E28E4DEA5002BEFA2 /* FirstMainVC.swift */; };
		B4C3897128E4E43E002BEFA2 /* GamePlayScreenVC.swift in Sources */ = {isa = PBXBuildFile; fileRef = B4C3897028E4E43E002BEFA2 /* GamePlayScreenVC.swift */; };
		B4C9452828F0D4B900463579 /* Gamers.swift in Sources */ = {isa = PBXBuildFile; fileRef = B4C9452728F0D4B900463579 /* Gamers.swift */; };
		B4F2F50F28E5B37300D48626 /* ScoresTableVC.swift in Sources */ = {isa = PBXBuildFile; fileRef = B4F2F50E28E5B37300D48626 /* ScoresTableVC.swift */; };
/* End PBXBuildFile section */

/* Begin PBXFileReference section */
		B44F5DA828E8CB8A0067E88F /* Score.swift */ = {isa = PBXFileReference; lastKnownFileType = sourcecode.swift; path = Score.swift; sourceTree = SOURCE_ROOT; };
		B4C3895728E4DDB9002BEFA2 /* HitTheMole.app */ = {isa = PBXFileReference; explicitFileType = wrapper.application; includeInIndex = 0; path = HitTheMole.app; sourceTree = BUILT_PRODUCTS_DIR; };
		B4C3895A28E4DDB9002BEFA2 /* AppDelegate.swift */ = {isa = PBXFileReference; lastKnownFileType = sourcecode.swift; path = AppDelegate.swift; sourceTree = "<group>"; };
		B4C3895C28E4DDB9002BEFA2 /* SceneDelegate.swift */ = {isa = PBXFileReference; lastKnownFileType = sourcecode.swift; path = SceneDelegate.swift; sourceTree = "<group>"; };
		B4C3896128E4DDB9002BEFA2 /* Base */ = {isa = PBXFileReference; lastKnownFileType = file.storyboard; name = Base; path = Base.lproj/Main.storyboard; sourceTree = "<group>"; };
		B4C3896328E4DDBE002BEFA2 /* Assets.xcassets */ = {isa = PBXFileReference; lastKnownFileType = folder.assetcatalog; path = Assets.xcassets; sourceTree = "<group>"; };
		B4C3896628E4DDBE002BEFA2 /* Base */ = {isa = PBXFileReference; lastKnownFileType = file.storyboard; name = Base; path = Base.lproj/LaunchScreen.storyboard; sourceTree = "<group>"; };
		B4C3896828E4DDBE002BEFA2 /* Info.plist */ = {isa = PBXFileReference; lastKnownFileType = text.plist.xml; path = Info.plist; sourceTree = "<group>"; };
		B4C3896E28E4DEA5002BEFA2 /* FirstMainVC.swift */ = {isa = PBXFileReference; lastKnownFileType = sourcecode.swift; path = FirstMainVC.swift; sourceTree = "<group>"; };
		B4C3897028E4E43E002BEFA2 /* GamePlayScreenVC.swift */ = {isa = PBXFileReference; lastKnownFileType = sourcecode.swift; path = GamePlayScreenVC.swift; sourceTree = "<group>"; };
		B4C9452728F0D4B900463579 /* Gamers.swift */ = {isa = PBXFileReference; lastKnownFileType = sourcecode.swift; path = Gamers.swift; sourceTree = SOURCE_ROOT; };
		B4CB4E7528E9A00C0087B082 /* tr */ = {isa = PBXFileReference; lastKnownFileType = text.plist.strings; name = tr; path = tr.lproj/Main.strings; sourceTree = "<group>"; };
		B4CB4E7628E9A00C0087B082 /* tr */ = {isa = PBXFileReference; lastKnownFileType = text.plist.strings; name = tr; path = tr.lproj/LaunchScreen.strings; sourceTree = "<group>"; };
		B4F2F50E28E5B37300D48626 /* ScoresTableVC.swift */ = {isa = PBXFileReference; lastKnownFileType = sourcecode.swift; path = ScoresTableVC.swift; sourceTree = "<group>"; };
/* End PBXFileReference section */

/* Begin PBXFrameworksBuildPhase section */
		B4C3895428E4DDB9002BEFA2 /* Frameworks */ = {
			isa = PBXFrameworksBuildPhase;
			buildActionMask = 2147483647;
			files = (
				B44F5DA728E8C8010067E88F /* RealmSwift in Frameworks */,
				B44F5DA528E8C8010067E88F /* Realm in Frameworks */,
			);
			runOnlyForDeploymentPostprocessing = 0;
		};
/* End PBXFrameworksBuildPhase section */

/* Begin PBXGroup section */
		B4C3894E28E4DDB9002BEFA2 = {
			isa = PBXGroup;
			children = (
				B4C3895928E4DDB9002BEFA2 /* HitTheMole */,
				B4C3895828E4DDB9002BEFA2 /* Products */,
			);
			sourceTree = "<group>";
		};
		B4C3895828E4DDB9002BEFA2 /* Products */ = {
			isa = PBXGroup;
			children = (
				B4C3895728E4DDB9002BEFA2 /* HitTheMole.app */,
			);
			name = Products;
			sourceTree = "<group>";
		};
		B4C3895928E4DDB9002BEFA2 /* HitTheMole */ = {
			isa = PBXGroup;
			children = (
				B4C3895A28E4DDB9002BEFA2 /* AppDelegate.swift */,
				B4C3895C28E4DDB9002BEFA2 /* SceneDelegate.swift */,
				B4F2F51228E5B44400D48626 /* Controller */,
				B4F2F51128E5B43D00D48626 /* View */,
				B4F2F51028E5B42400D48626 /* Model */,
				B4C3896328E4DDBE002BEFA2 /* Assets.xcassets */,
				B4C3896528E4DDBE002BEFA2 /* LaunchScreen.storyboard */,
				B4C3896828E4DDBE002BEFA2 /* Info.plist */,
			);
			path = HitTheMole;
			sourceTree = "<group>";
		};
		B4F2F51028E5B42400D48626 /* Model */ = {
			isa = PBXGroup;
			children = (
				B44F5DA828E8CB8A0067E88F /* Score.swift */,
				B4C9452728F0D4B900463579 /* Gamers.swift */,
			);
			path = Model;
			sourceTree = "<group>";
		};
		B4F2F51128E5B43D00D48626 /* View */ = {
			isa = PBXGroup;
			children = (
				B4C3896028E4DDB9002BEFA2 /* Main.storyboard */,
			);
			path = View;
			sourceTree = "<group>";
		};
		B4F2F51228E5B44400D48626 /* Controller */ = {
			isa = PBXGroup;
			children = (
				B4C3897028E4E43E002BEFA2 /* GamePlayScreenVC.swift */,
				B4C3896E28E4DEA5002BEFA2 /* FirstMainVC.swift */,
				B4F2F50E28E5B37300D48626 /* ScoresTableVC.swift */,
			);
			path = Controller;
			sourceTree = "<group>";
		};
/* End PBXGroup section */

/* Begin PBXNativeTarget section */
		B4C3895628E4DDB9002BEFA2 /* HitTheMole */ = {
			isa = PBXNativeTarget;
			buildConfigurationList = B4C3896B28E4DDBE002BEFA2 /* Build configuration list for PBXNativeTarget "HitTheMole" */;
			buildPhases = (
				B4C3895328E4DDB9002BEFA2 /* Sources */,
				B4C3895428E4DDB9002BEFA2 /* Frameworks */,
				B4C3895528E4DDB9002BEFA2 /* Resources */,
			);
			buildRules = (
			);
			dependencies = (
			);
			name = HitTheMole;
			packageProductDependencies = (
				B44F5DA428E8C8010067E88F /* Realm */,
				B44F5DA628E8C8010067E88F /* RealmSwift */,
			);
			productName = HitTheMole;
			productReference = B4C3895728E4DDB9002BEFA2 /* HitTheMole.app */;
			productType = "com.apple.product-type.application";
		};
/* End PBXNativeTarget section */

/* Begin PBXProject section */
		B4C3894F28E4DDB9002BEFA2 /* Project object */ = {
			isa = PBXProject;
			attributes = {
				BuildIndependentTargetsInParallel = 1;
				LastSwiftUpdateCheck = 1340;
				LastUpgradeCheck = 1340;
				TargetAttributes = {
					B4C3895628E4DDB9002BEFA2 = {
						CreatedOnToolsVersion = 13.4;
					};
				};
			};
			buildConfigurationList = B4C3895228E4DDB9002BEFA2 /* Build configuration list for PBXProject "HitTheMole" */;
			compatibilityVersion = "Xcode 13.0";
			developmentRegion = en;
			hasScannedForEncodings = 0;
			knownRegions = (
				en,
				Base,
				tr,
			);
			mainGroup = B4C3894E28E4DDB9002BEFA2;
			packageReferences = (
				B44F5DA328E8C8010067E88F /* XCRemoteSwiftPackageReference "realm-swift" */,
			);
			productRefGroup = B4C3895828E4DDB9002BEFA2 /* Products */;
			projectDirPath = "";
			projectRoot = "";
			targets = (
				B4C3895628E4DDB9002BEFA2 /* HitTheMole */,
			);
		};
/* End PBXProject section */

/* Begin PBXResourcesBuildPhase section */
		B4C3895528E4DDB9002BEFA2 /* Resources */ = {
			isa = PBXResourcesBuildPhase;
			buildActionMask = 2147483647;
			files = (
				B4C3896728E4DDBE002BEFA2 /* LaunchScreen.storyboard in Resources */,
				B4C3896428E4DDBE002BEFA2 /* Assets.xcassets in Resources */,
				B4C3896228E4DDB9002BEFA2 /* Main.storyboard in Resources */,
			);
			runOnlyForDeploymentPostprocessing = 0;
		};
/* End PBXResourcesBuildPhase section */

/* Begin PBXSourcesBuildPhase section */
		B4C3895328E4DDB9002BEFA2 /* Sources */ = {
			isa = PBXSourcesBuildPhase;
			buildActionMask = 2147483647;
			files = (
				B4C3895B28E4DDB9002BEFA2 /* AppDelegate.swift in Sources */,
				B4C3895D28E4DDB9002BEFA2 /* SceneDelegate.swift in Sources */,
				B4C3897128E4E43E002BEFA2 /* GamePlayScreenVC.swift in Sources */,
				B4F2F50F28E5B37300D48626 /* ScoresTableVC.swift in Sources */,
				B44F5DA928E8CB8A0067E88F /* Score.swift in Sources */,
				B4C3896F28E4DEA5002BEFA2 /* FirstMainVC.swift in Sources */,
				B4C9452828F0D4B900463579 /* Gamers.swift in Sources */,
			);
			runOnlyForDeploymentPostprocessing = 0;
		};
/* End PBXSourcesBuildPhase section */

/* Begin PBXVariantGroup section */
		B4C3896028E4DDB9002BEFA2 /* Main.storyboard */ = {
			isa = PBXVariantGroup;
			children = (
				B4C3896128E4DDB9002BEFA2 /* Base */,
				B4CB4E7528E9A00C0087B082 /* tr */,
			);
			name = Main.storyboard;
			sourceTree = "<group>";
		};
		B4C3896528E4DDBE002BEFA2 /* LaunchScreen.storyboard */ = {
			isa = PBXVariantGroup;
			children = (
				B4C3896628E4DDBE002BEFA2 /* Base */,
				B4CB4E7628E9A00C0087B082 /* tr */,
			);
			name = LaunchScreen.storyboard;
			sourceTree = "<group>";
		};
/* End PBXVariantGroup section */

/* Begin XCBuildConfiguration section */
		B4C3896928E4DDBE002BEFA2 /* Debug */ = {
			isa = XCBuildConfiguration;
			buildSettings = {
				ALWAYS_SEARCH_USER_PATHS = NO;
				CLANG_ANALYZER_LOCALIZABILITY_NONLOCALIZED = YES;
				CLANG_ANALYZER_NONNULL = YES;
				CLANG_ANALYZER_NUMBER_OBJECT_CONVERSION = YES_AGGRESSIVE;
				CLANG_CXX_LANGUAGE_STANDARD = "gnu++17";
				CLANG_ENABLE_MODULES = YES;
				CLANG_ENABLE_OBJC_ARC = YES;
				CLANG_ENABLE_OBJC_WEAK = YES;
				CLANG_WARN_BLOCK_CAPTURE_AUTORELEASING = YES;
				CLANG_WARN_BOOL_CONVERSION = YES;
				CLANG_WARN_COMMA = YES;
				CLANG_WARN_CONSTANT_CONVERSION = YES;
				CLANG_WARN_DEPRECATED_OBJC_IMPLEMENTATIONS = YES;
				CLANG_WARN_DIRECT_OBJC_ISA_USAGE = YES_ERROR;
				CLANG_WARN_DOCUMENTATION_COMMENTS = YES;
				CLANG_WARN_EMPTY_BODY = YES;
				CLANG_WARN_ENUM_CONVERSION = YES;
				CLANG_WARN_INFINITE_RECURSION = YES;
				CLANG_WARN_INT_CONVERSION = YES;
				CLANG_WARN_NON_LITERAL_NULL_CONVERSION = YES;
				CLANG_WARN_OBJC_IMPLICIT_RETAIN_SELF = YES;
				CLANG_WARN_OBJC_LITERAL_CONVERSION = YES;
				CLANG_WARN_OBJC_ROOT_CLASS = YES_ERROR;
				CLANG_WARN_QUOTED_INCLUDE_IN_FRAMEWORK_HEADER = YES;
				CLANG_WARN_RANGE_LOOP_ANALYSIS = YES;
				CLANG_WARN_STRICT_PROTOTYPES = YES;
				CLANG_WARN_SUSPICIOUS_MOVE = YES;
				CLANG_WARN_UNGUARDED_AVAILABILITY = YES_AGGRESSIVE;
				CLANG_WARN_UNREACHABLE_CODE = YES;
				CLANG_WARN__DUPLICATE_METHOD_MATCH = YES;
				COPY_PHASE_STRIP = NO;
				DEBUG_INFORMATION_FORMAT = dwarf;
				ENABLE_STRICT_OBJC_MSGSEND = YES;
				ENABLE_TESTABILITY = YES;
				GCC_C_LANGUAGE_STANDARD = gnu11;
				GCC_DYNAMIC_NO_PIC = NO;
				GCC_NO_COMMON_BLOCKS = YES;
				GCC_OPTIMIZATION_LEVEL = 0;
				GCC_PREPROCESSOR_DEFINITIONS = (
					"DEBUG=1",
					"$(inherited)",
				);
				GCC_WARN_64_TO_32_BIT_CONVERSION = YES;
				GCC_WARN_ABOUT_RETURN_TYPE = YES_ERROR;
				GCC_WARN_UNDECLARED_SELECTOR = YES;
				GCC_WARN_UNINITIALIZED_AUTOS = YES_AGGRESSIVE;
				GCC_WARN_UNUSED_FUNCTION = YES;
				GCC_WARN_UNUSED_VARIABLE = YES;
				IPHONEOS_DEPLOYMENT_TARGET = 15.5;
				MTL_ENABLE_DEBUG_INFO = INCLUDE_SOURCE;
				MTL_FAST_MATH = YES;
				ONLY_ACTIVE_ARCH = YES;
				SDKROOT = iphoneos;
				SWIFT_ACTIVE_COMPILATION_CONDITIONS = DEBUG;
				SWIFT_OPTIMIZATION_LEVEL = "-Onone";
			};
			name = Debug;
		};
		B4C3896A28E4DDBE002BEFA2 /* Release */ = {
			isa = XCBuildConfiguration;
			buildSettings = {
				ALWAYS_SEARCH_USER_PATHS = NO;
				CLANG_ANALYZER_LOCALIZABILITY_NONLOCALIZED = YES;
				CLANG_ANALYZER_NONNULL = YES;
				CLANG_ANALYZER_NUMBER_OBJECT_CONVERSION = YES_AGGRESSIVE;
				CLANG_CXX_LANGUAGE_STANDARD = "gnu++17";
				CLANG_ENABLE_MODULES = YES;
				CLANG_ENABLE_OBJC_ARC = YES;
				CLANG_ENABLE_OBJC_WEAK = YES;
				CLANG_WARN_BLOCK_CAPTURE_AUTORELEASING = YES;
				CLANG_WARN_BOOL_CONVERSION = YES;
				CLANG_WARN_COMMA = YES;
				CLANG_WARN_CONSTANT_CONVERSION = YES;
				CLANG_WARN_DEPRECATED_OBJC_IMPLEMENTATIONS = YES;
				CLANG_WARN_DIRECT_OBJC_ISA_USAGE = YES_ERROR;
				CLANG_WARN_DOCUMENTATION_COMMENTS = YES;
				CLANG_WARN_EMPTY_BODY = YES;
				CLANG_WARN_ENUM_CONVERSION = YES;
				CLANG_WARN_INFINITE_RECURSION = YES;
				CLANG_WARN_INT_CONVERSION = YES;
				CLANG_WARN_NON_LITERAL_NULL_CONVERSION = YES;
				CLANG_WARN_OBJC_IMPLICIT_RETAIN_SELF = YES;
				CLANG_WARN_OBJC_LITERAL_CONVERSION = YES;
				CLANG_WARN_OBJC_ROOT_CLASS = YES_ERROR;
				CLANG_WARN_QUOTED_INCLUDE_IN_FRAMEWORK_HEADER = YES;
				CLANG_WARN_RANGE_LOOP_ANALYSIS = YES;
				CLANG_WARN_STRICT_PROTOTYPES = YES;
				CLANG_WARN_SUSPICIOUS_MOVE = YES;
				CLANG_WARN_UNGUARDED_AVAILABILITY = YES_AGGRESSIVE;
				CLANG_WARN_UNREACHABLE_CODE = YES;
				CLANG_WARN__DUPLICATE_METHOD_MATCH = YES;
				COPY_PHASE_STRIP = NO;
				DEBUG_INFORMATION_FORMAT = "dwarf-with-dsym";
				ENABLE_NS_ASSERTIONS = NO;
				ENABLE_STRICT_OBJC_MSGSEND = YES;
				GCC_C_LANGUAGE_STANDARD = gnu11;
				GCC_NO_COMMON_BLOCKS = YES;
				GCC_WARN_64_TO_32_BIT_CONVERSION = YES;
				GCC_WARN_ABOUT_RETURN_TYPE = YES_ERROR;
				GCC_WARN_UNDECLARED_SELECTOR = YES;
				GCC_WARN_UNINITIALIZED_AUTOS = YES_AGGRESSIVE;
				GCC_WARN_UNUSED_FUNCTION = YES;
				GCC_WARN_UNUSED_VARIABLE = YES;
				IPHONEOS_DEPLOYMENT_TARGET = 15.5;
				MTL_ENABLE_DEBUG_INFO = NO;
				MTL_FAST_MATH = YES;
				SDKROOT = iphoneos;
				SWIFT_COMPILATION_MODE = wholemodule;
				SWIFT_OPTIMIZATION_LEVEL = "-O";
				VALIDATE_PRODUCT = YES;
			};
			name = Release;
		};
		B4C3896C28E4DDBE002BEFA2 /* Debug */ = {
			isa = XCBuildConfiguration;
			buildSettings = {
				ASSETCATALOG_COMPILER_APPICON_NAME = AppIcon;
				ASSETCATALOG_COMPILER_GLOBAL_ACCENT_COLOR_NAME = AccentColor;
				CODE_SIGN_STYLE = Automatic;
				CURRENT_PROJECT_VERSION = 1;
				DEVELOPMENT_TEAM = PM25M3S5KY;
				GENERATE_INFOPLIST_FILE = YES;
				INFOPLIST_FILE = HitTheMole/Info.plist;
				INFOPLIST_KEY_UIApplicationSupportsIndirectInputEvents = YES;
				INFOPLIST_KEY_UILaunchStoryboardName = LaunchScreen;
				INFOPLIST_KEY_UIMainStoryboardFile = Main;
				INFOPLIST_KEY_UISupportedInterfaceOrientations = UIInterfaceOrientationPortrait;
				INFOPLIST_KEY_UISupportedInterfaceOrientations_iPad = "UIInterfaceOrientationPortrait UIInterfaceOrientationPortraitUpsideDown";
				LD_RUNPATH_SEARCH_PATHS = (
					"$(inherited)",
					"@executable_path/Frameworks",
				);
				MARKETING_VERSION = 1.0;
				PRODUCT_BUNDLE_IDENTIFIER = com.aytacbulanik.HitTheMole;
				PRODUCT_NAME = "$(TARGET_NAME)";
				SWIFT_EMIT_LOC_STRINGS = YES;
				SWIFT_VERSION = 5.0;
				TARGETED_DEVICE_FAMILY = "1,2";
			};
			name = Debug;
		};
		B4C3896D28E4DDBE002BEFA2 /* Release */ = {
			isa = XCBuildConfiguration;
			buildSettings = {
				ASSETCATALOG_COMPILER_APPICON_NAME = AppIcon;
				ASSETCATALOG_COMPILER_GLOBAL_ACCENT_COLOR_NAME = AccentColor;
				CODE_SIGN_STYLE = Automatic;
				CURRENT_PROJECT_VERSION = 1;
				DEVELOPMENT_TEAM = PM25M3S5KY;
				GENERATE_INFOPLIST_FILE = YES;
				INFOPLIST_FILE = HitTheMole/Info.plist;
				INFOPLIST_KEY_UIApplicationSupportsIndirectInputEvents = YES;
				INFOPLIST_KEY_UILaunchStoryboardName = LaunchScreen;
				INFOPLIST_KEY_UIMainStoryboardFile = Main;
				INFOPLIST_KEY_UISupportedInterfaceOrientations = UIInterfaceOrientationPortrait;
				INFOPLIST_KEY_UISupportedInterfaceOrientations_iPad = "UIInterfaceOrientationPortrait UIInterfaceOrientationPortraitUpsideDown";
				LD_RUNPATH_SEARCH_PATHS = (
					"$(inherited)",
					"@executable_path/Frameworks",
				);
				MARKETING_VERSION = 1.0;
				PRODUCT_BUNDLE_IDENTIFIER = com.aytacbulanik.HitTheMole;
				PRODUCT_NAME = "$(TARGET_NAME)";
				SWIFT_EMIT_LOC_STRINGS = YES;
				SWIFT_VERSION = 5.0;
				TARGETED_DEVICE_FAMILY = "1,2";
			};
			name = Release;
		};
/* End XCBuildConfiguration section */

/* Begin XCConfigurationList section */
		B4C3895228E4DDB9002BEFA2 /* Build configuration list for PBXProject "HitTheMole" */ = {
			isa = XCConfigurationList;
			buildConfigurations = (
				B4C3896928E4DDBE002BEFA2 /* Debug */,
				B4C3896A28E4DDBE002BEFA2 /* Release */,
			);
			defaultConfigurationIsVisible = 0;
			defaultConfigurationName = Release;
		};
		B4C3896B28E4DDBE002BEFA2 /* Build configuration list for PBXNativeTarget "HitTheMole" */ = {
			isa = XCConfigurationList;
			buildConfigurations = (
				B4C3896C28E4DDBE002BEFA2 /* Debug */,
				B4C3896D28E4DDBE002BEFA2 /* Release */,
			);
			defaultConfigurationIsVisible = 0;
			defaultConfigurationName = Release;
		};
/* End XCConfigurationList section */

/* Begin XCRemoteSwiftPackageReference section */
		B44F5DA328E8C8010067E88F /* XCRemoteSwiftPackageReference "realm-swift" */ = {
			isa = XCRemoteSwiftPackageReference;
			repositoryURL = "https://github.com/realm/realm-swift.git";
			requirement = {
				branch = master;
				kind = branch;
			};
		};
/* End XCRemoteSwiftPackageReference section */

/* Begin XCSwiftPackageProductDependency section */
		B44F5DA428E8C8010067E88F /* Realm */ = {
			isa = XCSwiftPackageProductDependency;
			package = B44F5DA328E8C8010067E88F /* XCRemoteSwiftPackageReference "realm-swift" */;
			productName = Realm;
		};
		B44F5DA628E8C8010067E88F /* RealmSwift */ = {
			isa = XCSwiftPackageProductDependency;
			package = B44F5DA328E8C8010067E88F /* XCRemoteSwiftPackageReference "realm-swift" */;
			productName = RealmSwift;
		};
/* End XCSwiftPackageProductDependency section */
	};
	rootObject = B4C3894F28E4DDB9002BEFA2 /* Project object */;
}
